{
  "nodes": {
    "haskell-flake": {
      "locked": {
        "lastModified": 1774715605,
        "narHash": "sha256-JM+ojZgz5yJ9pVOGNWNL3YFTXJZyAhuDyQxLxBRDLts=",
        "owner": "srid",
        "repo": "haskell-flake",
        "rev": "36e943e960bb64d5acf7972aa9e2686995e8185c",
        "type": "github"
      },
      "original": {
        "owner": "srid",
        "ref": "standalone-lib",
        "repo": "haskell-flake",
        "type": "github"
      }
    },
    "nixpkgs": {
      "locked": {
        "lastModified": 1776225522,
        "narHash": "sha256-W2npO5nesUm68vECpC3Dl/IOzamvcGAu9uV38hou2yg=",
        "owner": "nixos",
        "repo": "nixpkgs",
        "rev": "975dad1a84d727dce241bb41b27191948fa5a956",
        "type": "github"
      },
      "original": {
        "owner": "nixos",
        "ref": "nixpkgs-unstable",
        "repo": "nixpkgs",
        "type": "github"
      }
    },
    "root": {
      "inputs": {
        "haskell-flake": "haskell-flake",
        "nixpkgs": "nixpkgs"
      }
    }
  },
  "root": "root",
  "version": 7
}
